
Microsoft Visual Studio Solution File, Format Version 12.00
# Visual Studio Version 16
VisualStudioVersion = 16.0.30717.126
MinimumVisualStudioVersion = 10.0.40219.1
Project("{9A19103F-16F7-4668-BE54-9A1E7A4F7556}") = "Task1", "DevIncubatorTasks\Task1.csproj", "{C72E39D2-50D6-4640-B0AB-0C7A497AE405}"
EndProject
Project("{9A19103F-16F7-4668-BE54-9A1E7A4F7556}") = "Task2", "Task2\Task2.csproj", "{1E52E8E0-5287-4922-A885-4FCBA34C575B}"
EndProject
Project("{9A19103F-16F7-4668-BE54-9A1E7A4F7556}") = "Task3", "Task3\Task3.csproj", "{73674321-5081-4686-AF01-7154D330FC8E}"
EndProject
Project("{9A19103F-16F7-4668-BE54-9A1E7A4F7556}") = "Task4", "Task4\Task4.csproj", "{4E93D71D-AE57-4BB6-A5BD-7863BE30F936}"
EndProject
Project("{FAE04EC0-301F-11D3-BF4B-00C04F79EFBC}") = "Task5", "Task5\Task5.csproj", "{8E5FE47E-8CEB-43F8-A36C-9AA7C96DCFEC}"
EndProject
Project("{FAE04EC0-301F-11D3-BF4B-00C04F79EFBC}") = "Task6", "Task6\Task6.csproj", "{397E9DE3-70CD-4E1D-9CD4-D2E8D0592BDF}"
EndProject
Project("{FAE04EC0-301F-11D3-BF4B-00C04F79EFBC}") = "Task7", "Task7\Task7.csproj", "{64CFA552-6F86-4BE4-8E12-D2EE3BC02FE2}"
EndProject
Project("{FAE04EC0-301F-11D3-BF4B-00C04F79EFBC}") = "Task8", "Task8\Task8.csproj", "{B3B3379B-C444-4EE7-A9CB-BBA3C0493166}"
EndProject
Project("{FAE04EC0-301F-11D3-BF4B-00C04F79EFBC}") = "Task9", "Task9\Task9.csproj", "{D0BAF16A-C1D8-496D-B41C-08C1DF81ACB6}"
EndProject
Project("{FAE04EC0-301F-11D3-BF4B-00C04F79EFBC}") = "Task10", "Task10\Task10.csproj", "{38A66ABF-01E1-48C1-915E-FD2F81C039B4}"
EndProject
Project("{FAE04EC0-301F-11D3-BF4B-00C04F79EFBC}") = "Task11", "Task11\Task11.csproj", "{58AA32CD-211C-47CA-9174-42AB6F29D9E8}"
EndProject
Project("{FAE04EC0-301F-11D3-BF4B-00C04F79EFBC}") = "Task12", "Task12\Task12.csproj", "{79B56580-C563-4F4A-9FDD-635305BE45C6}"
EndProject
Project("{FAE04EC0-301F-11D3-BF4B-00C04F79EFBC}") = "Task13", "Task13\Task13.csproj", "{EE532A60-F821-4141-A55C-5F761C87A24D}"
EndProject
Project("{FAE04EC0-301F-11D3-BF4B-00C04F79EFBC}") = "Task14", "Task14\Task14.csproj", "{E36A921A-2163-4AFE-ACD4-54834BFD0D98}"
EndProject
Global
	GlobalSection(SolutionConfigurationPlatforms) = preSolution
		Debug|Any CPU = Debug|Any CPU
		Release|Any CPU = Release|Any CPU
	EndGlobalSection
	GlobalSection(ProjectConfigurationPlatforms) = postSolution
		{C72E39D2-50D6-4640-B0AB-0C7A497AE405}.Debug|Any CPU.ActiveCfg = Debug|Any CPU
		{C72E39D2-50D6-4640-B0AB-0C7A497AE405}.Debug|Any CPU.Build.0 = Debug|Any CPU
		{C72E39D2-50D6-4640-B0AB-0C7A497AE405}.Release|Any CPU.ActiveCfg = Release|Any CPU
		{C72E39D2-50D6-4640-B0AB-0C7A497AE405}.Release|Any CPU.Build.0 = Release|Any CPU
		{1E52E8E0-5287-4922-A885-4FCBA34C575B}.Debug|Any CPU.ActiveCfg = Debug|Any CPU
		{1E52E8E0-5287-4922-A885-4FCBA34C575B}.Debug|Any CPU.Build.0 = Debug|Any CPU
		{1E52E8E0-5287-4922-A885-4FCBA34C575B}.Release|Any CPU.ActiveCfg = Release|Any CPU
		{1E52E8E0-5287-4922-A885-4FCBA34C575B}.Release|Any CPU.Build.0 = Release|Any CPU
		{73674321-5081-4686-AF01-7154D330FC8E}.Debug|Any CPU.ActiveCfg = Debug|Any CPU
		{73674321-5081-4686-AF01-7154D330FC8E}.Debug|Any CPU.Build.0 = Debug|Any CPU
		{73674321-5081-4686-AF01-7154D330FC8E}.Release|Any CPU.ActiveCfg = Release|Any CPU
		{73674321-5081-4686-AF01-7154D330FC8E}.Release|Any CPU.Build.0 = Release|Any CPU
		{4E93D71D-AE57-4BB6-A5BD-7863BE30F936}.Debug|Any CPU.ActiveCfg = Debug|Any CPU
		{4E93D71D-AE57-4BB6-A5BD-7863BE30F936}.Debug|Any CPU.Build.0 = Debug|Any CPU
		{4E93D71D-AE57-4BB6-A5BD-7863BE30F936}.Release|Any CPU.ActiveCfg = Release|Any CPU
		{4E93D71D-AE57-4BB6-A5BD-7863BE30F936}.Release|Any CPU.Build.0 = Release|Any CPU
		{8E5FE47E-8CEB-43F8-A36C-9AA7C96DCFEC}.Debug|Any CPU.ActiveCfg = Debug|Any CPU
		{8E5FE47E-8CEB-43F8-A36C-9AA7C96DCFEC}.Debug|Any CPU.Build.0 = Debug|Any CPU
		{8E5FE47E-8CEB-43F8-A36C-9AA7C96DCFEC}.Release|Any CPU.ActiveCfg = Release|Any CPU
		{8E5FE47E-8CEB-43F8-A36C-9AA7C96DCFEC}.Release|Any CPU.Build.0 = Release|Any CPU
		{397E9DE3-70CD-4E1D-9CD4-D2E8D0592BDF}.Debug|Any CPU.ActiveCfg = Debug|Any CPU
		{397E9DE3-70CD-4E1D-9CD4-D2E8D0592BDF}.Debug|Any CPU.Build.0 = Debug|Any CPU
		{397E9DE3-70CD-4E1D-9CD4-D2E8D0592BDF}.Release|Any CPU.ActiveCfg = Release|Any CPU
		{397E9DE3-70CD-4E1D-9CD4-D2E8D0592BDF}.Release|Any CPU.Build.0 = Release|Any CPU
		{64CFA552-6F86-4BE4-8E12-D2EE3BC02FE2}.Debug|Any CPU.ActiveCfg = Debug|Any CPU
		{64CFA552-6F86-4BE4-8E12-D2EE3BC02FE2}.Debug|Any CPU.Build.0 = Debug|Any CPU
		{64CFA552-6F86-4BE4-8E12-D2EE3BC02FE2}.Release|Any CPU.ActiveCfg = Release|Any CPU
		{64CFA552-6F86-4BE4-8E12-D2EE3BC02FE2}.Release|Any CPU.Build.0 = Release|Any CPU
		{B3B3379B-C444-4EE7-A9CB-BBA3C0493166}.Debug|Any CPU.ActiveCfg = Debug|Any CPU
		{B3B3379B-C444-4EE7-A9CB-BBA3C0493166}.Debug|Any CPU.Build.0 = Debug|Any CPU
		{B3B3379B-C444-4EE7-A9CB-BBA3C0493166}.Release|Any CPU.ActiveCfg = Release|Any CPU
		{B3B3379B-C444-4EE7-A9CB-BBA3C0493166}.Release|Any CPU.Build.0 = Release|Any CPU
		{D0BAF16A-C1D8-496D-B41C-08C1DF81ACB6}.Debug|Any CPU.ActiveCfg = Debug|Any CPU
		{D0BAF16A-C1D8-496D-B41C-08C1DF81ACB6}.Debug|Any CPU.Build.0 = Debug|Any CPU
		{D0BAF16A-C1D8-496D-B41C-08C1DF81ACB6}.Release|Any CPU.ActiveCfg = Release|Any CPU
		{D0BAF16A-C1D8-496D-B41C-08C1DF81ACB6}.Release|Any CPU.Build.0 = Release|Any CPU
		{38A66ABF-01E1-48C1-915E-FD2F81C039B4}.Debug|Any CPU.ActiveCfg = Debug|Any CPU
		{38A66ABF-01E1-48C1-915E-FD2F81C039B4}.Debug|Any CPU.Build.0 = Debug|Any CPU
		{38A66ABF-01E1-48C1-915E-FD2F81C039B4}.Release|Any CPU.ActiveCfg = Release|Any CPU
		{38A66ABF-01E1-48C1-915E-FD2F81C039B4}.Release|Any CPU.Build.0 = Release|Any CPU
		{58AA32CD-211C-47CA-9174-42AB6F29D9E8}.Debug|Any CPU.ActiveCfg = Debug|Any CPU
		{58AA32CD-211C-47CA-9174-42AB6F29D9E8}.Debug|Any CPU.Build.0 = Debug|Any CPU
		{58AA32CD-211C-47CA-9174-42AB6F29D9E8}.Release|Any CPU.ActiveCfg = Release|Any CPU
		{58AA32CD-211C-47CA-9174-42AB6F29D9E8}.Release|Any CPU.Build.0 = Release|Any CPU
		{79B56580-C563-4F4A-9FDD-635305BE45C6}.Debug|Any CPU.ActiveCfg = Debug|Any CPU
		{79B56580-C563-4F4A-9FDD-635305BE45C6}.Debug|Any CPU.Build.0 = Debug|Any CPU
		{79B56580-C563-4F4A-9FDD-635305BE45C6}.Release|Any CPU.ActiveCfg = Release|Any CPU
		{79B56580-C563-4F4A-9FDD-635305BE45C6}.Release|Any CPU.Build.0 = Release|Any CPU
		{EE532A60-F821-4141-A55C-5F761C87A24D}.Debug|Any CPU.ActiveCfg = Debug|Any CPU
		{EE532A60-F821-4141-A55C-5F761C87A24D}.Debug|Any CPU.Build.0 = Debug|Any CPU
		{EE532A60-F821-4141-A55C-5F761C87A24D}.Release|Any CPU.ActiveCfg = Release|Any CPU
		{EE532A60-F821-4141-A55C-5F761C87A24D}.Release|Any CPU.Build.0 = Release|Any CPU
		{E36A921A-2163-4AFE-ACD4-54834BFD0D98}.Debug|Any CPU.ActiveCfg = Debug|Any CPU
		{E36A921A-2163-4AFE-ACD4-54834BFD0D98}.Debug|Any CPU.Build.0 = Debug|Any CPU
		{E36A921A-2163-4AFE-ACD4-54834BFD0D98}.Release|Any CPU.ActiveCfg = Release|Any CPU
		{E36A921A-2163-4AFE-ACD4-54834BFD0D98}.Release|Any CPU.Build.0 = Release|Any CPU
	EndGlobalSection
	GlobalSection(SolutionProperties) = preSolution
		HideSolutionNode = FALSE
	EndGlobalSection
	GlobalSection(ExtensibilityGlobals) = postSolution
		SolutionGuid = {0BE8C1FC-DFBD-445C-A72B-B23CDC7363F6}
	EndGlobalSection
EndGlobal
